
Microsoft Visual Studio Solution File, Format Version 12.00
# Visual Studio 15
VisualStudioVersion = 15.0.28307.539
MinimumVisualStudioVersion = 10.0.40219.1
Project("{FAE04EC0-301F-11D3-BF4B-00C04F79EFBC}") = "ErsterTest", "ErsterTest\ErsterTest.csproj", "{CC7F428C-0EAE-46B9-B7B7-20ECDC4D3DEB}"
EndProject
Project("{FAE04EC0-301F-11D3-BF4B-00C04F79EFBC}") = "Tannenbaum", "Tannenbaum\Tannenbaum.csproj", "{94698D75-9314-4B0E-8F96-3CAB4D294733}"
EndProject
Project("{FAE04EC0-301F-11D3-BF4B-00C04F79EFBC}") = "Rechner", "Rechner\Rechner.csproj", "{DF8B79D7-F7C0-4B22-A7C6-57A0F17E5191}"
EndProject
Project("{FAE04EC0-301F-11D3-BF4B-00C04F79EFBC}") = "Minesweeper", "Minesweeper\Minesweeper.csproj", "{983491E6-1988-40F5-ACCE-9B62EE8F051A}"
EndProject
Project("{FAE04EC0-301F-11D3-BF4B-00C04F79EFBC}") = "Parrabel", "Parrabel\Parrabel.csproj", "{354772C5-4033-43E8-92AF-07D9DCBCA682}"
EndProject
Project("{FAE04EC0-301F-11D3-BF4B-00C04F79EFBC}") = "ParabelV2", "ParabelV2\ParabelV2.csproj", "{25845BE2-9E07-4428-BB7E-39DE9F908E79}"
EndProject
Project("{FAE04EC0-301F-11D3-BF4B-00C04F79EFBC}") = "Matrizen", "Matrizen\Matrizen.csproj", "{9E9FB2F9-4333-459D-A2B7-33BEE3E21D40}"
EndProject
Project("{FAE04EC0-301F-11D3-BF4B-00C04F79EFBC}") = "RandomTest", "RandomTest\RandomTest.csproj", "{8E2BCB2C-E914-4825-AC4D-78455011EFA6}"
EndProject
Project("{FAE04EC0-301F-11D3-BF4B-00C04F79EFBC}") = "ConsoleApp1", "ConsoleApp1\ConsoleApp1.csproj", "{0EA1296A-E293-4C5C-8EE2-EB18886CC53E}"
EndProject
Project("{FAE04EC0-301F-11D3-BF4B-00C04F79EFBC}") = "SlotAutomat", "SlotAutomat\SlotAutomat.csproj", "{15294C88-98E1-45E9-B39D-B6066C801E69}"
EndProject
Project("{FAE04EC0-301F-11D3-BF4B-00C04F79EFBC}") = "ChacenAi", "ChacenAi\ChacenAi.csproj", "{999424DC-0BE5-4A93-AF7C-01BC6E34E043}"
EndProject
Project("{FAE04EC0-301F-11D3-BF4B-00C04F79EFBC}") = "MovingObjekt", "MovingObjekt\MovingObjekt.csproj", "{8EE866F8-7E50-418F-B51E-D6901B2EB30B}"
EndProject
Project("{FAE04EC0-301F-11D3-BF4B-00C04F79EFBC}") = "PacmenV1", "PacmenV1\PacmenV1.csproj", "{0D18BB83-5F03-4E89-80F1-4ECE2B8E5855}"
EndProject
Project("{FAE04EC0-301F-11D3-BF4B-00C04F79EFBC}") = "Mapgenerator", "Mapgenerator\Mapgenerator.csproj", "{DC332D57-142F-49DC-913C-AB72B74E9555}"
EndProject
Project("{FAE04EC0-301F-11D3-BF4B-00C04F79EFBC}") = "Jumper", "Jumper\Jumper.csproj", "{EB0688C6-1329-4183-ABDC-76898E5071DE}"
EndProject
Project("{FAE04EC0-301F-11D3-BF4B-00C04F79EFBC}") = "Folge", "Folge\Folge.csproj", "{09C3B671-D8A8-4727-84F6-5EDA2E956277}"
EndProject
Project("{FAE04EC0-301F-11D3-BF4B-00C04F79EFBC}") = "WaagrechterFall", "WaagrechterFall\WaagrechterFall.csproj", "{7D2BD209-B0F3-4CFF-9106-69487E2C4101}"
EndProject
Project("{FAE04EC0-301F-11D3-BF4B-00C04F79EFBC}") = "TikTakToe", "TikTakToe\TikTakToe.csproj", "{AE7A9BBF-7528-472F-B3BC-C55FBD51C265}"
EndProject
Project("{FAE04EC0-301F-11D3-BF4B-00C04F79EFBC}") = "Snake", "Snake\Snake.csproj", "{0FDF2DF7-3EC1-49FF-9F08-F3394CE86318}"
EndProject
Global
	GlobalSection(SolutionConfigurationPlatforms) = preSolution
		Debug|Any CPU = Debug|Any CPU
		Release|Any CPU = Release|Any CPU
	EndGlobalSection
	GlobalSection(ProjectConfigurationPlatforms) = postSolution
		{CC7F428C-0EAE-46B9-B7B7-20ECDC4D3DEB}.Debug|Any CPU.ActiveCfg = Debug|Any CPU
		{CC7F428C-0EAE-46B9-B7B7-20ECDC4D3DEB}.Debug|Any CPU.Build.0 = Debug|Any CPU
		{CC7F428C-0EAE-46B9-B7B7-20ECDC4D3DEB}.Release|Any CPU.ActiveCfg = Release|Any CPU
		{CC7F428C-0EAE-46B9-B7B7-20ECDC4D3DEB}.Release|Any CPU.Build.0 = Release|Any CPU
		{94698D75-9314-4B0E-8F96-3CAB4D294733}.Debug|Any CPU.ActiveCfg = Debug|Any CPU
		{94698D75-9314-4B0E-8F96-3CAB4D294733}.Debug|Any CPU.Build.0 = Debug|Any CPU
		{94698D75-9314-4B0E-8F96-3CAB4D294733}.Release|Any CPU.ActiveCfg = Release|Any CPU
		{94698D75-9314-4B0E-8F96-3CAB4D294733}.Release|Any CPU.Build.0 = Release|Any CPU
		{DF8B79D7-F7C0-4B22-A7C6-57A0F17E5191}.Debug|Any CPU.ActiveCfg = Debug|Any CPU
		{DF8B79D7-F7C0-4B22-A7C6-57A0F17E5191}.Debug|Any CPU.Build.0 = Debug|Any CPU
		{DF8B79D7-F7C0-4B22-A7C6-57A0F17E5191}.Release|Any CPU.ActiveCfg = Release|Any CPU
		{DF8B79D7-F7C0-4B22-A7C6-57A0F17E5191}.Release|Any CPU.Build.0 = Release|Any CPU
		{983491E6-1988-40F5-ACCE-9B62EE8F051A}.Debug|Any CPU.ActiveCfg = Debug|Any CPU
		{983491E6-1988-40F5-ACCE-9B62EE8F051A}.Debug|Any CPU.Build.0 = Debug|Any CPU
		{983491E6-1988-40F5-ACCE-9B62EE8F051A}.Release|Any CPU.ActiveCfg = Release|Any CPU
		{983491E6-1988-40F5-ACCE-9B62EE8F051A}.Release|Any CPU.Build.0 = Release|Any CPU
		{354772C5-4033-43E8-92AF-07D9DCBCA682}.Debug|Any CPU.ActiveCfg = Debug|Any CPU
		{354772C5-4033-43E8-92AF-07D9DCBCA682}.Debug|Any CPU.Build.0 = Debug|Any CPU
		{354772C5-4033-43E8-92AF-07D9DCBCA682}.Release|Any CPU.ActiveCfg = Release|Any CPU
		{354772C5-4033-43E8-92AF-07D9DCBCA682}.Release|Any CPU.Build.0 = Release|Any CPU
		{25845BE2-9E07-4428-BB7E-39DE9F908E79}.Debug|Any CPU.ActiveCfg = Debug|Any CPU
		{25845BE2-9E07-4428-BB7E-39DE9F908E79}.Debug|Any CPU.Build.0 = Debug|Any CPU
		{25845BE2-9E07-4428-BB7E-39DE9F908E79}.Release|Any CPU.ActiveCfg = Release|Any CPU
		{25845BE2-9E07-4428-BB7E-39DE9F908E79}.Release|Any CPU.Build.0 = Release|Any CPU
		{9E9FB2F9-4333-459D-A2B7-33BEE3E21D40}.Debug|Any CPU.ActiveCfg = Debug|Any CPU
		{9E9FB2F9-4333-459D-A2B7-33BEE3E21D40}.Debug|Any CPU.Build.0 = Debug|Any CPU
		{9E9FB2F9-4333-459D-A2B7-33BEE3E21D40}.Release|Any CPU.ActiveCfg = Release|Any CPU
		{9E9FB2F9-4333-459D-A2B7-33BEE3E21D40}.Release|Any CPU.Build.0 = Release|Any CPU
		{8E2BCB2C-E914-4825-AC4D-78455011EFA6}.Debug|Any CPU.ActiveCfg = Debug|Any CPU
		{8E2BCB2C-E914-4825-AC4D-78455011EFA6}.Debug|Any CPU.Build.0 = Debug|Any CPU
		{8E2BCB2C-E914-4825-AC4D-78455011EFA6}.Release|Any CPU.ActiveCfg = Release|Any CPU
		{8E2BCB2C-E914-4825-AC4D-78455011EFA6}.Release|Any CPU.Build.0 = Release|Any CPU
		{0EA1296A-E293-4C5C-8EE2-EB18886CC53E}.Debug|Any CPU.ActiveCfg = Debug|Any CPU
		{0EA1296A-E293-4C5C-8EE2-EB18886CC53E}.Debug|Any CPU.Build.0 = Debug|Any CPU
		{0EA1296A-E293-4C5C-8EE2-EB18886CC53E}.Release|Any CPU.ActiveCfg = Release|Any CPU
		{0EA1296A-E293-4C5C-8EE2-EB18886CC53E}.Release|Any CPU.Build.0 = Release|Any CPU
		{15294C88-98E1-45E9-B39D-B6066C801E69}.Debug|Any CPU.ActiveCfg = Debug|Any CPU
		{15294C88-98E1-45E9-B39D-B6066C801E69}.Debug|Any CPU.Build.0 = Debug|Any CPU
		{15294C88-98E1-45E9-B39D-B6066C801E69}.Release|Any CPU.ActiveCfg = Release|Any CPU
		{15294C88-98E1-45E9-B39D-B6066C801E69}.Release|Any CPU.Build.0 = Release|Any CPU
		{999424DC-0BE5-4A93-AF7C-01BC6E34E043}.Debug|Any CPU.ActiveCfg = Debug|Any CPU
		{999424DC-0BE5-4A93-AF7C-01BC6E34E043}.Debug|Any CPU.Build.0 = Debug|Any CPU
		{999424DC-0BE5-4A93-AF7C-01BC6E34E043}.Release|Any CPU.ActiveCfg = Release|Any CPU
		{999424DC-0BE5-4A93-AF7C-01BC6E34E043}.Release|Any CPU.Build.0 = Release|Any CPU
		{8EE866F8-7E50-418F-B51E-D6901B2EB30B}.Debug|Any CPU.ActiveCfg = Debug|Any CPU
		{8EE866F8-7E50-418F-B51E-D6901B2EB30B}.Debug|Any CPU.Build.0 = Debug|Any CPU
		{8EE866F8-7E50-418F-B51E-D6901B2EB30B}.Release|Any CPU.ActiveCfg = Release|Any CPU
		{8EE866F8-7E50-418F-B51E-D6901B2EB30B}.Release|Any CPU.Build.0 = Release|Any CPU
		{0D18BB83-5F03-4E89-80F1-4ECE2B8E5855}.Debug|Any CPU.ActiveCfg = Debug|Any CPU
		{0D18BB83-5F03-4E89-80F1-4ECE2B8E5855}.Debug|Any CPU.Build.0 = Debug|Any CPU
		{0D18BB83-5F03-4E89-80F1-4ECE2B8E5855}.Release|Any CPU.ActiveCfg = Release|Any CPU
		{0D18BB83-5F03-4E89-80F1-4ECE2B8E5855}.Release|Any CPU.Build.0 = Release|Any CPU
		{DC332D57-142F-49DC-913C-AB72B74E9555}.Debug|Any CPU.ActiveCfg = Debug|Any CPU
		{DC332D57-142F-49DC-913C-AB72B74E9555}.Debug|Any CPU.Build.0 = Debug|Any CPU
		{DC332D57-142F-49DC-913C-AB72B74E9555}.Release|Any CPU.ActiveCfg = Release|Any CPU
		{DC332D57-142F-49DC-913C-AB72B74E9555}.Release|Any CPU.Build.0 = Release|Any CPU
		{EB0688C6-1329-4183-ABDC-76898E5071DE}.Debug|Any CPU.ActiveCfg = Debug|Any CPU
		{EB0688C6-1329-4183-ABDC-76898E5071DE}.Debug|Any CPU.Build.0 = Debug|Any CPU
		{EB0688C6-1329-4183-ABDC-76898E5071DE}.Release|Any CPU.ActiveCfg = Release|Any CPU
		{EB0688C6-1329-4183-ABDC-76898E5071DE}.Release|Any CPU.Build.0 = Release|Any CPU
		{09C3B671-D8A8-4727-84F6-5EDA2E956277}.Debug|Any CPU.ActiveCfg = Debug|Any CPU
		{09C3B671-D8A8-4727-84F6-5EDA2E956277}.Debug|Any CPU.Build.0 = Debug|Any CPU
		{09C3B671-D8A8-4727-84F6-5EDA2E956277}.Release|Any CPU.ActiveCfg = Release|Any CPU
		{09C3B671-D8A8-4727-84F6-5EDA2E956277}.Release|Any CPU.Build.0 = Release|Any CPU
		{7D2BD209-B0F3-4CFF-9106-69487E2C4101}.Debug|Any CPU.ActiveCfg = Debug|Any CPU
		{7D2BD209-B0F3-4CFF-9106-69487E2C4101}.Debug|Any CPU.Build.0 = Debug|Any CPU
		{7D2BD209-B0F3-4CFF-9106-69487E2C4101}.Release|Any CPU.ActiveCfg = Release|Any CPU
		{7D2BD209-B0F3-4CFF-9106-69487E2C4101}.Release|Any CPU.Build.0 = Release|Any CPU
		{AE7A9BBF-7528-472F-B3BC-C55FBD51C265}.Debug|Any CPU.ActiveCfg = Debug|Any CPU
		{AE7A9BBF-7528-472F-B3BC-C55FBD51C265}.Debug|Any CPU.Build.0 = Debug|Any CPU
		{AE7A9BBF-7528-472F-B3BC-C55FBD51C265}.Release|Any CPU.ActiveCfg = Release|Any CPU
		{AE7A9BBF-7528-472F-B3BC-C55FBD51C265}.Release|Any CPU.Build.0 = Release|Any CPU
		{0FDF2DF7-3EC1-49FF-9F08-F3394CE86318}.Debug|Any CPU.ActiveCfg = Debug|Any CPU
		{0FDF2DF7-3EC1-49FF-9F08-F3394CE86318}.Debug|Any CPU.Build.0 = Debug|Any CPU
		{0FDF2DF7-3EC1-49FF-9F08-F3394CE86318}.Release|Any CPU.ActiveCfg = Release|Any CPU
		{0FDF2DF7-3EC1-49FF-9F08-F3394CE86318}.Release|Any CPU.Build.0 = Release|Any CPU
	EndGlobalSection
	GlobalSection(SolutionProperties) = preSolution
		HideSolutionNode = FALSE
	EndGlobalSection
	GlobalSection(ExtensibilityGlobals) = postSolution
		SolutionGuid = {E5F7F165-F97E-4961-8C43-81A9E07DEA8F}
	EndGlobalSection
EndGlobal
