
Microsoft Visual Studio Solution File, Format Version 12.00
# Visual Studio 15
VisualStudioVersion = 15.0.28307.539
MinimumVisualStudioVersion = 10.0.40219.1
Project("{FAE04EC0-301F-11D3-BF4B-00C04F79EFBC}") = "ErsterTest", "ErsterTest\ErsterTest.csproj", "{CC7F428C-0EAE-46B9-B7B7-20ECDC4D3DEB}"
EndProject
Global
	GlobalSection(SolutionConfigurationPlatforms) = preSolution
		Debug|Any CPU = Debug|Any CPU
		Release|Any CPU = Release|Any CPU
	EndGlobalSection
	GlobalSection(ProjectConfigurationPlatforms) = postSolution
		{CC7F428C-0EAE-46B9-B7B7-20ECDC4D3DEB}.Debug|Any CPU.ActiveCfg = Debug|Any CPU
		{CC7F428C-0EAE-46B9-B7B7-20ECDC4D3DEB}.Debug|Any CPU.Build.0 = Debug|Any CPU
		{CC7F428C-0EAE-46B9-B7B7-20ECDC4D3DEB}.Release|Any CPU.ActiveCfg = Release|Any CPU
		{CC7F428C-0EAE-46B9-B7B7-20ECDC4D3DEB}.Release|Any CPU.Build.0 = Release|Any CPU
	EndGlobalSection
	GlobalSection(SolutionProperties) = preSolution
		HideSolutionNode = FALSE
	EndGlobalSection
	GlobalSection(ExtensibilityGlobals) = postSolution
		SolutionGuid = {E5F7F165-F97E-4961-8C43-81A9E07DEA8F}
	EndGlobalSection
EndGlobal
